
Microsoft Visual Studio Solution File, Format Version 12.00
# Visual Studio Version 16
VisualStudioVersion = 16.0.31313.79
MinimumVisualStudioVersion = 10.0.40219.1
Project("{9A19103F-16F7-4668-BE54-9A1E7A4F7556}") = "AuthJWT", "AuthJWT\AuthJWT.csproj", "{A8D97A1F-9659-4593-9C2F-7A473ED6D72A}"
EndProject
Project("{9A19103F-16F7-4668-BE54-9A1E7A4F7556}") = "Auth.Common", "Auth.Common\Auth.Common.csproj", "{650B6945-3668-4E56-8426-3D010C3DF5F3}"
EndProject
Project("{FAE04EC0-301F-11D3-BF4B-00C04F79EFBC}") = "AuthResource.API", "AuthResource.API\AuthResource.API.csproj", "{5681DCE6-A660-43C5-A995-06478872A8EF}"
EndProject
Global
	GlobalSection(SolutionConfigurationPlatforms) = preSolution
		Debug|Any CPU = Debug|Any CPU
		Release|Any CPU = Release|Any CPU
	EndGlobalSection
	GlobalSection(ProjectConfigurationPlatforms) = postSolution
		{A8D97A1F-9659-4593-9C2F-7A473ED6D72A}.Debug|Any CPU.ActiveCfg = Debug|Any CPU
		{A8D97A1F-9659-4593-9C2F-7A473ED6D72A}.Debug|Any CPU.Build.0 = Debug|Any CPU
		{A8D97A1F-9659-4593-9C2F-7A473ED6D72A}.Release|Any CPU.ActiveCfg = Release|Any CPU
		{A8D97A1F-9659-4593-9C2F-7A473ED6D72A}.Release|Any CPU.Build.0 = Release|Any CPU
		{650B6945-3668-4E56-8426-3D010C3DF5F3}.Debug|Any CPU.ActiveCfg = Debug|Any CPU
		{650B6945-3668-4E56-8426-3D010C3DF5F3}.Debug|Any CPU.Build.0 = Debug|Any CPU
		{650B6945-3668-4E56-8426-3D010C3DF5F3}.Release|Any CPU.ActiveCfg = Release|Any CPU
		{650B6945-3668-4E56-8426-3D010C3DF5F3}.Release|Any CPU.Build.0 = Release|Any CPU
		{5681DCE6-A660-43C5-A995-06478872A8EF}.Debug|Any CPU.ActiveCfg = Debug|Any CPU
		{5681DCE6-A660-43C5-A995-06478872A8EF}.Debug|Any CPU.Build.0 = Debug|Any CPU
		{5681DCE6-A660-43C5-A995-06478872A8EF}.Release|Any CPU.ActiveCfg = Release|Any CPU
		{5681DCE6-A660-43C5-A995-06478872A8EF}.Release|Any CPU.Build.0 = Release|Any CPU
	EndGlobalSection
	GlobalSection(SolutionProperties) = preSolution
		HideSolutionNode = FALSE
	EndGlobalSection
	GlobalSection(ExtensibilityGlobals) = postSolution
		SolutionGuid = {5A33A069-DACC-423D-9EE7-BAD2BFC1FA0F}
	EndGlobalSection
EndGlobal
